
Microsoft Visual Studio Solution File, Format Version 12.00
# Visual Studio Version 18
VisualStudioVersion = 18.0.11018.127 d18.0
MinimumVisualStudioVersion = 10.0.40219.1
Project("{FAE04EC0-301F-11D3-BF4B-00C04F79EFBC}") = "InvoiceAnalyzer.Api", "InvoiceAnalyzer.Api\InvoiceAnalyzer.Api.csproj", "{88891E24-34A2-44F2-BFFE-AEE1EC2E1A67}"
	ProjectSection(ProjectDependencies) = postProject
		{1A30478B-5F24-4E66-BEAC-4FA0A92DEFBD} = {1A30478B-5F24-4E66-BEAC-4FA0A92DEFBD}
		{724C4F91-C1C4-4161-9E11-44F173527884} = {724C4F91-C1C4-4161-9E11-44F173527884}
		{FFEB20DA-2869-4725-855D-D7CD9FA1C16F} = {FFEB20DA-2869-4725-855D-D7CD9FA1C16F}
	EndProjectSection
EndProject
Project("{2150E333-8FDC-42A3-9474-1A3956D46DE8}") = "Solution Items", "Solution Items", "{20C20D7C-C183-47F5-B842-E817A408AC8D}"
	ProjectSection(SolutionItems) = preProject
		compose.yaml = compose.yaml
	EndProjectSection
EndProject
Project("{FAE04EC0-301F-11D3-BF4B-00C04F79EFBC}") = "InvoiceAnalyzer.Application", "InvoiceAnalyzer.Application\InvoiceAnalyzer.Application.csproj", "{1A30478B-5F24-4E66-BEAC-4FA0A92DEFBD}"
	ProjectSection(ProjectDependencies) = postProject
		{724C4F91-C1C4-4161-9E11-44F173527884} = {724C4F91-C1C4-4161-9E11-44F173527884}
	EndProjectSection
EndProject
Project("{FAE04EC0-301F-11D3-BF4B-00C04F79EFBC}") = "InvoiceAnalyzer.Infrastructure", "InvoiceAnalyzer.Infrastructure\InvoiceAnalyzer.Infrastructure.csproj", "{FFEB20DA-2869-4725-855D-D7CD9FA1C16F}"
	ProjectSection(ProjectDependencies) = postProject
		{724C4F91-C1C4-4161-9E11-44F173527884} = {724C4F91-C1C4-4161-9E11-44F173527884}
	EndProjectSection
EndProject
Project("{FAE04EC0-301F-11D3-BF4B-00C04F79EFBC}") = "InvoiceAnalyzer.Domain", "InvoiceAnalyzer.Domain\InvoiceAnalyzer.Domain.csproj", "{724C4F91-C1C4-4161-9E11-44F173527884}"
EndProject
Project("{E53339B2-1760-4266-BCC7-CA923CBCF16C}") = "docker-compose", "docker-compose.dcproj", "{81DDED9D-158B-E303-5F62-77A2896D2A5A}"
EndProject
Global
	GlobalSection(SolutionConfigurationPlatforms) = preSolution
		Debug|Any CPU = Debug|Any CPU
		Release|Any CPU = Release|Any CPU
	EndGlobalSection
	GlobalSection(ProjectConfigurationPlatforms) = postSolution
		{88891E24-34A2-44F2-BFFE-AEE1EC2E1A67}.Debug|Any CPU.ActiveCfg = Debug|Any CPU
		{88891E24-34A2-44F2-BFFE-AEE1EC2E1A67}.Debug|Any CPU.Build.0 = Debug|Any CPU
		{88891E24-34A2-44F2-BFFE-AEE1EC2E1A67}.Release|Any CPU.ActiveCfg = Release|Any CPU
		{88891E24-34A2-44F2-BFFE-AEE1EC2E1A67}.Release|Any CPU.Build.0 = Release|Any CPU
		{1A30478B-5F24-4E66-BEAC-4FA0A92DEFBD}.Debug|Any CPU.ActiveCfg = Debug|Any CPU
		{1A30478B-5F24-4E66-BEAC-4FA0A92DEFBD}.Debug|Any CPU.Build.0 = Debug|Any CPU
		{1A30478B-5F24-4E66-BEAC-4FA0A92DEFBD}.Release|Any CPU.ActiveCfg = Release|Any CPU
		{1A30478B-5F24-4E66-BEAC-4FA0A92DEFBD}.Release|Any CPU.Build.0 = Release|Any CPU
		{FFEB20DA-2869-4725-855D-D7CD9FA1C16F}.Debug|Any CPU.ActiveCfg = Debug|Any CPU
		{FFEB20DA-2869-4725-855D-D7CD9FA1C16F}.Debug|Any CPU.Build.0 = Debug|Any CPU
		{FFEB20DA-2869-4725-855D-D7CD9FA1C16F}.Release|Any CPU.ActiveCfg = Release|Any CPU
		{FFEB20DA-2869-4725-855D-D7CD9FA1C16F}.Release|Any CPU.Build.0 = Release|Any CPU
		{724C4F91-C1C4-4161-9E11-44F173527884}.Debug|Any CPU.ActiveCfg = Debug|Any CPU
		{724C4F91-C1C4-4161-9E11-44F173527884}.Debug|Any CPU.Build.0 = Debug|Any CPU
		{724C4F91-C1C4-4161-9E11-44F173527884}.Release|Any CPU.ActiveCfg = Release|Any CPU
		{724C4F91-C1C4-4161-9E11-44F173527884}.Release|Any CPU.Build.0 = Release|Any CPU
		{81DDED9D-158B-E303-5F62-77A2896D2A5A}.Debug|Any CPU.ActiveCfg = Debug|Any CPU
		{81DDED9D-158B-E303-5F62-77A2896D2A5A}.Debug|Any CPU.Build.0 = Debug|Any CPU
		{81DDED9D-158B-E303-5F62-77A2896D2A5A}.Release|Any CPU.ActiveCfg = Release|Any CPU
		{81DDED9D-158B-E303-5F62-77A2896D2A5A}.Release|Any CPU.Build.0 = Release|Any CPU
	EndGlobalSection
	GlobalSection(SolutionProperties) = preSolution
		HideSolutionNode = FALSE
	EndGlobalSection
EndGlobal
